<?xml version="1.0" encoding="utf-8"?>
<Project ToolsVersion="4.0" xmlns="http://schemas.microsoft.com/developer/msbuild/2003">
  <ItemGroup>
    <Filter Include="Libraries">
      <UniqueIdentifier>{842d902e-5569-4c32-bf43-1a14396274ac}</UniqueIdentifier>
    </Filter>
    <Filter Include="Rendering">
      <UniqueIdentifier>{177297db-afa4-4306-9998-096a930335c3}</UniqueIdentifier>
    </Filter>
    <Filter Include="Resources">
      <UniqueIdentifier>{67DA6AB6-F800-4c08-8B7A-83BB121AAD01}</UniqueIdentifier>
      <Extensions>rc;ico;cur;bmp;dlg;rc2;rct;bin;rgs;gif;jpg;jpeg;jpe;resx;tiff;tif;png;wav;mfcribbon-ms</Extensions>
    </Filter>
    <Filter Include="Utilities">
      <UniqueIdentifier>{666df0dd-0933-4e53-a31f-cf1a5c4a24f6}</UniqueIdentifier>
    </Filter>
    <Filter Include="Resource Management">
      <UniqueIdentifier>{f2892704-72ee-44e7-a644-52072d12f721}</UniqueIdentifier>
    </Filter>
  </ItemGroup>
  <ItemGroup>
    <ClCompile Include="libraries\glad\glad.c">
      <Filter>Libraries</Filter>
    </ClCompile>
    <ClCompile Include="libraries\imgui_demo.cpp">
      <Filter>Libraries</Filter>
    </ClCompile>
    <ClCompile Include="libraries\imgui.cpp">
      <Filter>Libraries</Filter>
    </ClCompile>
    <ClCompile Include="libraries\imgui_draw.cpp">
      <Filter>Libraries</Filter>
    </ClCompile>
    <ClCompile Include="libraries\imgui_impl_glfw_gl3.cpp">
      <Filter>Libraries</Filter>
    </ClCompile>
    <ClCompile Include="source\main.cpp" />
    <ClCompile Include="source\OSWindow.cpp">
      <Filter>Rendering</Filter>
    </ClCompile>
    <ClCompile Include="source\Profiler.cpp">
      <Filter>Utilities</Filter>
    </ClCompile>
    <ClCompile Include="source\Scene.cpp" />
    <ClCompile Include="source\Shader.cpp" />
    <ClCompile Include="source\SceneManager.cpp" />
    <ClCompile Include="source\Camera.cpp" />
    <ClCompile Include="source\Importer.cpp" />
    <ClCompile Include="source\GPUBuffer.cpp" />
    <ClCompile Include="source\PointCloud.cpp" />
    <ClCompile Include="source\MainRenderer.cpp">
      <Filter>Rendering</Filter>
    </ClCompile>
    <ClCompile Include="source\PCRenderer.cpp" />
    <ClCompile Include="source\PCManager.cpp" />
    <ClCompile Include="source\PCRendererUncompressed.cpp" />
    <ClCompile Include="source\PCRendererBrickGS.cpp" />
    <ClCompile Include="source\PCRendererBrickIndirect.cpp" />
  </ItemGroup>
  <ItemGroup>
    <ClInclude Include="libraries\stb_truetype.h">
      <Filter>Libraries</Filter>
    </ClInclude>
    <ClInclude Include="libraries\stb_rect_pack.h">
      <Filter>Libraries</Filter>
    </ClInclude>
    <ClInclude Include="libraries\KHR\khrplatform.h">
      <Filter>Libraries</Filter>
    </ClInclude>
    <ClInclude Include="libraries\imgui_internal.h">
      <Filter>Libraries</Filter>
    </ClInclude>
    <ClInclude Include="libraries\imgui_impl_glfw_gl3.h">
      <Filter>Libraries</Filter>
    </ClInclude>
    <ClInclude Include="libraries\imgui.h">
      <Filter>Libraries</Filter>
    </ClInclude>
    <ClInclude Include="libraries\GLFW\glfw3.h">
      <Filter>Libraries</Filter>
    </ClInclude>
    <ClInclude Include="libraries\GLFW\glfw3native.h">
      <Filter>Libraries</Filter>
    </ClInclude>
    <ClInclude Include="libraries\glad\glad.h">
      <Filter>Libraries</Filter>
    </ClInclude>
    <ClInclude Include="headers\Shader.h">
      <Filter>Rendering</Filter>
    </ClInclude>
    <ClInclude Include="headers\AutoName.h">
      <Filter>Utilities</Filter>
    </ClInclude>
    <ClInclude Include="headers\OSWindow.h">
      <Filter>Rendering</Filter>
    </ClInclude>
    <ClInclude Include="headers\Profiler.h">
      <Filter>Utilities</Filter>
    </ClInclude>
    <ClInclude Include="headers\UIWindow.h">
      <Filter>Utilities</Filter>
    </ClInclude>
    <ClInclude Include="headers\Manager.h">
      <Filter>Resource Management</Filter>
    </ClInclude>
    <ClInclude Include="libraries\stb_textedit.h">
      <Filter>Libraries</Filter>
    </ClInclude>
    <ClInclude Include="headers\Scene.h" />
    <ClInclude Include="headers\SceneManager.h" />
    <ClInclude Include="headers\Camera.h" />
    <ClInclude Include="libraries\tinyply.h" />
    <ClInclude Include="headers\Importer.h" />
    <ClInclude Include="headers\GPUBuffer.h" />
    <ClInclude Include="headers\PointCloud.h" />
    <ClInclude Include="headers\MainRenderer.h">
      <Filter>Rendering</Filter>
    </ClInclude>
    <ClInclude Include="headers\PCRenderer.h" />
    <ClInclude Include="headers\PCManager.h" />
    <ClInclude Include="headers\PCRendererUncompressed.h" />
    <ClInclude Include="headers\PCRendererBrickGS.h" />
    <ClInclude Include="headers\PCRendererBrickIndirect.h" />
  </ItemGroup>
  <ItemGroup>
    <None Include="shaders\pcLit.vert" />
    <None Include="shaders\pcLit.frag" />
    <None Include="shaders\pcDebugNormals.vert" />
    <None Include="shaders\pcDebugNormals.geom" />
    <None Include="shaders\pcDebugNormals.frag" />
    <None Include="shaders\pcLitDisk.frag" />
    <None Include="shaders\pcLitDisk.geom" />
    <None Include="shaders\pcLitDisk.vert" />
    <None Include="shaders\box.vert" />
    <None Include="shaders\box.frag" />
    <None Include="shaders\pcBarebonesBrickVS.geom" />
    <None Include="shaders\pcUnpackBitmap.comp" />
    <None Include="shaders\pcBasic.frag" />
    <None Include="shaders\pcBasic.vert" />
    <None Include="shaders\pcBrickGS.frag" />
    <None Include="shaders\pcBrickGS.vert" />
    <None Include="shaders\pcBrickGS.geom" />
    <None Include="shaders\pcBrickIndirect.frag" />
    <None Include="shaders\pcBrickIndirect.vert" />
  </ItemGroup>
</Project>