<?xml version="1.0" encoding="utf-8"?>
<Project ToolsVersion="4.0" xmlns="http://schemas.microsoft.com/developer/msbuild/2003">
  <ItemGroup>
    <Filter Include="Libraries">
      <UniqueIdentifier>{842d902e-5569-4c32-bf43-1a14396274ac}</UniqueIdentifier>
    </Filter>
    <Filter Include="Rendering">
      <UniqueIdentifier>{177297db-afa4-4306-9998-096a930335c3}</UniqueIdentifier>
    </Filter>
    <Filter Include="Resources">
      <UniqueIdentifier>{67DA6AB6-F800-4c08-8B7A-83BB121AAD01}</UniqueIdentifier>
      <Extensions>rc;ico;cur;bmp;dlg;rc2;rct;bin;rgs;gif;jpg;jpeg;jpe;resx;tiff;tif;png;wav;mfcribbon-ms</Extensions>
    </Filter>
    <Filter Include="Utilities">
      <UniqueIdentifier>{666df0dd-0933-4e53-a31f-cf1a5c4a24f6}</UniqueIdentifier>
    </Filter>
    <Filter Include="Resource Management">
      <UniqueIdentifier>{f2892704-72ee-44e7-a644-52072d12f721}</UniqueIdentifier>
    </Filter>
    <Filter Include="Resources\Shaders">
      <UniqueIdentifier>{73510dae-9b04-4d46-8432-f4ffa7ac26f8}</UniqueIdentifier>
    </Filter>
  </ItemGroup>
  <ItemGroup>
    <ClCompile Include="libraries\glad\glad.c">
      <Filter>Libraries</Filter>
    </ClCompile>
    <ClCompile Include="libraries\imgui_demo.cpp">
      <Filter>Libraries</Filter>
    </ClCompile>
    <ClCompile Include="libraries\imgui.cpp">
      <Filter>Libraries</Filter>
    </ClCompile>
    <ClCompile Include="libraries\imgui_draw.cpp">
      <Filter>Libraries</Filter>
    </ClCompile>
    <ClCompile Include="libraries\imgui_impl_glfw_gl3.cpp">
      <Filter>Libraries</Filter>
    </ClCompile>
    <ClCompile Include="source\main.cpp" />
    <ClCompile Include="source\OSWindow.cpp">
      <Filter>Rendering</Filter>
    </ClCompile>
    <ClCompile Include="source\Profiler.cpp">
      <Filter>Utilities</Filter>
    </ClCompile>
    <ClCompile Include="source\MainRenderer.cpp">
      <Filter>Rendering</Filter>
    </ClCompile>
    <ClCompile Include="source\GPUBuffer.cpp">
      <Filter>Rendering</Filter>
    </ClCompile>
    <ClCompile Include="source\PCRendererBitmap.cpp">
      <Filter>Rendering</Filter>
    </ClCompile>
    <ClCompile Include="source\PCRenderer.cpp">
      <Filter>Rendering</Filter>
    </ClCompile>
    <ClCompile Include="source\PCRendererBrickGS.cpp">
      <Filter>Rendering</Filter>
    </ClCompile>
    <ClCompile Include="source\PCRendererBrickIndirect.cpp">
      <Filter>Rendering</Filter>
    </ClCompile>
    <ClCompile Include="source\PCRendererUncompressed.cpp">
      <Filter>Rendering</Filter>
    </ClCompile>
    <ClCompile Include="source\PCManager.cpp">
      <Filter>Resource Management</Filter>
    </ClCompile>
    <ClCompile Include="source\SceneManager.cpp">
      <Filter>Resource Management</Filter>
    </ClCompile>
    <ClCompile Include="source\Importer.cpp">
      <Filter>Resource Management</Filter>
    </ClCompile>
    <ClCompile Include="source\Shader.cpp">
      <Filter>Resources</Filter>
    </ClCompile>
    <ClCompile Include="source\Scene.cpp">
      <Filter>Resources</Filter>
    </ClCompile>
    <ClCompile Include="source\PointCloud.cpp">
      <Filter>Resources</Filter>
    </ClCompile>
    <ClCompile Include="source\Camera.cpp">
      <Filter>Resources</Filter>
    </ClCompile>
  </ItemGroup>
  <ItemGroup>
    <ClInclude Include="libraries\stb_truetype.h">
      <Filter>Libraries</Filter>
    </ClInclude>
    <ClInclude Include="libraries\stb_rect_pack.h">
      <Filter>Libraries</Filter>
    </ClInclude>
    <ClInclude Include="libraries\KHR\khrplatform.h">
      <Filter>Libraries</Filter>
    </ClInclude>
    <ClInclude Include="libraries\imgui_internal.h">
      <Filter>Libraries</Filter>
    </ClInclude>
    <ClInclude Include="libraries\imgui_impl_glfw_gl3.h">
      <Filter>Libraries</Filter>
    </ClInclude>
    <ClInclude Include="libraries\imgui.h">
      <Filter>Libraries</Filter>
    </ClInclude>
    <ClInclude Include="libraries\GLFW\glfw3.h">
      <Filter>Libraries</Filter>
    </ClInclude>
    <ClInclude Include="libraries\GLFW\glfw3native.h">
      <Filter>Libraries</Filter>
    </ClInclude>
    <ClInclude Include="libraries\glad\glad.h">
      <Filter>Libraries</Filter>
    </ClInclude>
    <ClInclude Include="headers\Shader.h">
      <Filter>Rendering</Filter>
    </ClInclude>
    <ClInclude Include="headers\AutoName.h">
      <Filter>Utilities</Filter>
    </ClInclude>
    <ClInclude Include="headers\OSWindow.h">
      <Filter>Rendering</Filter>
    </ClInclude>
    <ClInclude Include="headers\Profiler.h">
      <Filter>Utilities</Filter>
    </ClInclude>
    <ClInclude Include="headers\UIWindow.h">
      <Filter>Utilities</Filter>
    </ClInclude>
    <ClInclude Include="headers\Manager.h">
      <Filter>Resource Management</Filter>
    </ClInclude>
    <ClInclude Include="libraries\stb_textedit.h">
      <Filter>Libraries</Filter>
    </ClInclude>
    <ClInclude Include="headers\MainRenderer.h">
      <Filter>Rendering</Filter>
    </ClInclude>
    <ClInclude Include="headers\GPUBuffer.h">
      <Filter>Rendering</Filter>
    </ClInclude>
    <ClInclude Include="headers\PCRenderer.h">
      <Filter>Rendering</Filter>
    </ClInclude>
    <ClInclude Include="headers\PCRendererBitmap.h">
      <Filter>Rendering</Filter>
    </ClInclude>
    <ClInclude Include="headers\PCRendererBrickGS.h">
      <Filter>Rendering</Filter>
    </ClInclude>
    <ClInclude Include="headers\PCRendererBrickIndirect.h">
      <Filter>Rendering</Filter>
    </ClInclude>
    <ClInclude Include="headers\PCRendererUncompressed.h">
      <Filter>Rendering</Filter>
    </ClInclude>
    <ClInclude Include="headers\PCManager.h">
      <Filter>Resource Management</Filter>
    </ClInclude>
    <ClInclude Include="headers\SceneManager.h">
      <Filter>Resource Management</Filter>
    </ClInclude>
    <ClInclude Include="headers\Importer.h">
      <Filter>Resource Management</Filter>
    </ClInclude>
    <ClInclude Include="headers\Scene.h">
      <Filter>Resources</Filter>
    </ClInclude>
    <ClInclude Include="headers\PointCloud.h">
      <Filter>Resources</Filter>
    </ClInclude>
    <ClInclude Include="libraries\tinyply.h">
      <Filter>Libraries</Filter>
    </ClInclude>
    <ClInclude Include="headers\Camera.h">
      <Filter>Resources</Filter>
    </ClInclude>
  </ItemGroup>
  <ItemGroup>
    <None Include="shaders\box.frag">
      <Filter>Resources\Shaders</Filter>
    </None>
    <None Include="shaders\box.vert">
      <Filter>Resources\Shaders</Filter>
    </None>
    <None Include="shaders\pcBarebonesBrickVS.geom">
      <Filter>Resources\Shaders</Filter>
    </None>
    <None Include="shaders\pcBasic.frag">
      <Filter>Resources\Shaders</Filter>
    </None>
    <None Include="shaders\pcBasic.vert">
      <Filter>Resources\Shaders</Filter>
    </None>
    <None Include="shaders\pcBrickGS.frag">
      <Filter>Resources\Shaders</Filter>
    </None>
    <None Include="shaders\pcBrickGS.geom">
      <Filter>Resources\Shaders</Filter>
    </None>
    <None Include="shaders\pcBrickGS.vert">
      <Filter>Resources\Shaders</Filter>
    </None>
    <None Include="shaders\pcBrickIndirect.frag">
      <Filter>Resources\Shaders</Filter>
    </None>
    <None Include="shaders\pcBrickIndirect.vert">
      <Filter>Resources\Shaders</Filter>
    </None>
    <None Include="shaders\pcBrickIndirectLit.vert">
      <Filter>Resources\Shaders</Filter>
    </None>
    <None Include="shaders\pcBrickIndirectLitColored.vert">
      <Filter>Resources\Shaders</Filter>
    </None>
    <None Include="shaders\pcDebugNormals.frag">
      <Filter>Resources\Shaders</Filter>
    </None>
    <None Include="shaders\pcDebugNormals.geom">
      <Filter>Resources\Shaders</Filter>
    </None>
    <None Include="shaders\pcDebugNormals.vert">
      <Filter>Resources\Shaders</Filter>
    </None>
    <None Include="shaders\pcLit.frag">
      <Filter>Resources\Shaders</Filter>
    </None>
    <None Include="shaders\pcLit.vert">
      <Filter>Resources\Shaders</Filter>
    </None>
    <None Include="shaders\pcLitDisk.frag">
      <Filter>Resources\Shaders</Filter>
    </None>
    <None Include="shaders\pcLitDisk.geom">
      <Filter>Resources\Shaders</Filter>
    </None>
    <None Include="shaders\pcLitDisk.vert">
      <Filter>Resources\Shaders</Filter>
    </None>
    <None Include="shaders\pcLitDiskColored.frag">
      <Filter>Resources\Shaders</Filter>
    </None>
    <None Include="shaders\pcLitDiskColored.geom">
      <Filter>Resources\Shaders</Filter>
    </None>
    <None Include="shaders\pcUnpackBitmap.comp">
      <Filter>Resources\Shaders</Filter>
    </None>
    <None Include="shaders\pcUnpackBitmap4.comp">
      <Filter>Resources\Shaders</Filter>
    </None>
    <None Include="shaders\pcUnpackBitmap8.comp">
      <Filter>Resources\Shaders</Filter>
    </None>
    <None Include="shaders\pcUnpackBitmap16.comp">
      <Filter>Resources\Shaders</Filter>
    </None>
    <None Include="shaders\pcUnpackBitmap32.comp">
      <Filter>Resources\Shaders</Filter>
    </None>
  </ItemGroup>
</Project>